// !$*UTF8*$!
{
	archiveVersion = 1;
	classes = {
	};
	objectVersion = 56;
	objects = {

/* Begin PBXBuildFile section */
		55285BB82971C6AA007A7069 /* AppDelegate.swift in Sources */ = {isa = PBXBuildFile; fileRef = 55285BB72971C6AA007A7069 /* AppDelegate.swift */; };
		55285BBA2971C6AA007A7069 /* SceneDelegate.swift in Sources */ = {isa = PBXBuildFile; fileRef = 55285BB92971C6AA007A7069 /* SceneDelegate.swift */; };
		55285BBC2971C6AA007A7069 /* ViewController.swift in Sources */ = {isa = PBXBuildFile; fileRef = 55285BBB2971C6AA007A7069 /* ViewController.swift */; };
		55285BC12971C6AC007A7069 /* Assets.xcassets in Resources */ = {isa = PBXBuildFile; fileRef = 55285BC02971C6AC007A7069 /* Assets.xcassets */; };
		553568F729785AEF007F739E /* CustomTableViewCell.swift in Sources */ = {isa = PBXBuildFile; fileRef = 553568F629785AEF007F739E /* CustomTableViewCell.swift */; };
		D228461C18A477D6F8A3364F /* Pods_TodoMovieMVP.framework in Frameworks */ = {isa = PBXBuildFile; fileRef = 78A1EAB86746A146936B88D1 /* Pods_TodoMovieMVP.framework */; };
/* End PBXBuildFile section */

/* Begin PBXFileReference section */
		55285BB42971C6AA007A7069 /* TodoMovieMVP.app */ = {isa = PBXFileReference; explicitFileType = wrapper.application; includeInIndex = 0; path = TodoMovieMVP.app; sourceTree = BUILT_PRODUCTS_DIR; };
		55285BB72971C6AA007A7069 /* AppDelegate.swift */ = {isa = PBXFileReference; lastKnownFileType = sourcecode.swift; path = AppDelegate.swift; sourceTree = "<group>"; };
		55285BB92971C6AA007A7069 /* SceneDelegate.swift */ = {isa = PBXFileReference; lastKnownFileType = sourcecode.swift; path = SceneDelegate.swift; sourceTree = "<group>"; };
		55285BBB2971C6AA007A7069 /* ViewController.swift */ = {isa = PBXFileReference; lastKnownFileType = sourcecode.swift; path = ViewController.swift; sourceTree = "<group>"; };
		55285BC02971C6AC007A7069 /* Assets.xcassets */ = {isa = PBXFileReference; lastKnownFileType = folder.assetcatalog; path = Assets.xcassets; sourceTree = "<group>"; };
		55285BC52971C6AC007A7069 /* Info.plist */ = {isa = PBXFileReference; lastKnownFileType = text.plist.xml; path = Info.plist; sourceTree = "<group>"; };
		553568F629785AEF007F739E /* CustomTableViewCell.swift */ = {isa = PBXFileReference; lastKnownFileType = sourcecode.swift; path = CustomTableViewCell.swift; sourceTree = "<group>"; };
		78A1EAB86746A146936B88D1 /* Pods_TodoMovieMVP.framework */ = {isa = PBXFileReference; explicitFileType = wrapper.framework; includeInIndex = 0; path = Pods_TodoMovieMVP.framework; sourceTree = BUILT_PRODUCTS_DIR; };
		AD9CABAEFD40FFB223292341 /* Pods-TodoMovieMVP.debug.xcconfig */ = {isa = PBXFileReference; includeInIndex = 1; lastKnownFileType = text.xcconfig; name = "Pods-TodoMovieMVP.debug.xcconfig"; path = "Target Support Files/Pods-TodoMovieMVP/Pods-TodoMovieMVP.debug.xcconfig"; sourceTree = "<group>"; };
		F14E3780DBCACFF1AF97D790 /* Pods-TodoMovieMVP.release.xcconfig */ = {isa = PBXFileReference; includeInIndex = 1; lastKnownFileType = text.xcconfig; name = "Pods-TodoMovieMVP.release.xcconfig"; path = "Target Support Files/Pods-TodoMovieMVP/Pods-TodoMovieMVP.release.xcconfig"; sourceTree = "<group>"; };
/* End PBXFileReference section */

/* Begin PBXFrameworksBuildPhase section */
		55285BB12971C6AA007A7069 /* Frameworks */ = {
			isa = PBXFrameworksBuildPhase;
			buildActionMask = 2147483647;
			files = (
				D228461C18A477D6F8A3364F /* Pods_TodoMovieMVP.framework in Frameworks */,
			);
			runOnlyForDeploymentPostprocessing = 0;
		};
/* End PBXFrameworksBuildPhase section */

/* Begin PBXGroup section */
		334E324028B025D74B3D2552 /* Pods */ = {
			isa = PBXGroup;
			children = (
				AD9CABAEFD40FFB223292341 /* Pods-TodoMovieMVP.debug.xcconfig */,
				F14E3780DBCACFF1AF97D790 /* Pods-TodoMovieMVP.release.xcconfig */,
			);
			path = Pods;
			sourceTree = "<group>";
		};
		55285BAB2971C6AA007A7069 = {
			isa = PBXGroup;
			children = (
				55285BB62971C6AA007A7069 /* TodoMovieMVP */,
				55285BB52971C6AA007A7069 /* Products */,
				334E324028B025D74B3D2552 /* Pods */,
				EC6D74E06A6A5F039798E321 /* Frameworks */,
			);
			sourceTree = "<group>";
		};
		55285BB52971C6AA007A7069 /* Products */ = {
			isa = PBXGroup;
			children = (
				55285BB42971C6AA007A7069 /* TodoMovieMVP.app */,
			);
			name = Products;
			sourceTree = "<group>";
		};
		55285BB62971C6AA007A7069 /* TodoMovieMVP */ = {
			isa = PBXGroup;
			children = (
				55285BB72971C6AA007A7069 /* AppDelegate.swift */,
				55285BB92971C6AA007A7069 /* SceneDelegate.swift */,
				553568F529785A87007F739E /* Views */,
				55285BC02971C6AC007A7069 /* Assets.xcassets */,
				55285BC52971C6AC007A7069 /* Info.plist */,
			);
			path = TodoMovieMVP;
			sourceTree = "<group>";
		};
		553568F529785A87007F739E /* Views */ = {
			isa = PBXGroup;
			children = (
				55285BBB2971C6AA007A7069 /* ViewController.swift */,
				553568F629785AEF007F739E /* CustomTableViewCell.swift */,
			);
			path = Views;
			sourceTree = "<group>";
		};
		EC6D74E06A6A5F039798E321 /* Frameworks */ = {
			isa = PBXGroup;
			children = (
				78A1EAB86746A146936B88D1 /* Pods_TodoMovieMVP.framework */,
			);
			name = Frameworks;
			sourceTree = "<group>";
		};
/* End PBXGroup section */

/* Begin PBXNativeTarget section */
		55285BB32971C6AA007A7069 /* TodoMovieMVP */ = {
			isa = PBXNativeTarget;
			buildConfigurationList = 55285BC82971C6AC007A7069 /* Build configuration list for PBXNativeTarget "TodoMovieMVP" */;
			buildPhases = (
				37BDEBAB50A9C02A26E08638 /* [CP] Check Pods Manifest.lock */,
				55285BB02971C6AA007A7069 /* Sources */,
				55285BB12971C6AA007A7069 /* Frameworks */,
				55285BB22971C6AA007A7069 /* Resources */,
				9A966B5C3C2F98589477A885 /* [CP] Embed Pods Frameworks */,
			);
			buildRules = (
			);
			dependencies = (
			);
			name = TodoMovieMVP;
			productName = TodoMovieMVP;
			productReference = 55285BB42971C6AA007A7069 /* TodoMovieMVP.app */;
			productType = "com.apple.product-type.application";
		};
/* End PBXNativeTarget section */

/* Begin PBXProject section */
		55285BAC2971C6AA007A7069 /* Project object */ = {
			isa = PBXProject;
			attributes = {
				BuildIndependentTargetsInParallel = 1;
				LastSwiftUpdateCheck = 1420;
				LastUpgradeCheck = 1420;
				TargetAttributes = {
					55285BB32971C6AA007A7069 = {
						CreatedOnToolsVersion = 14.2;
					};
				};
			};
			buildConfigurationList = 55285BAF2971C6AA007A7069 /* Build configuration list for PBXProject "TodoMovieMVP" */;
			compatibilityVersion = "Xcode 14.0";
			developmentRegion = en;
			hasScannedForEncodings = 0;
			knownRegions = (
				en,
				Base,
			);
			mainGroup = 55285BAB2971C6AA007A7069;
			productRefGroup = 55285BB52971C6AA007A7069 /* Products */;
			projectDirPath = "";
			projectRoot = "";
			targets = (
				55285BB32971C6AA007A7069 /* TodoMovieMVP */,
			);
		};
/* End PBXProject section */

/* Begin PBXResourcesBuildPhase section */
		55285BB22971C6AA007A7069 /* Resources */ = {
			isa = PBXResourcesBuildPhase;
			buildActionMask = 2147483647;
			files = (
				55285BC12971C6AC007A7069 /* Assets.xcassets in Resources */,
			);
			runOnlyForDeploymentPostprocessing = 0;
		};
/* End PBXResourcesBuildPhase section */

/* Begin PBXShellScriptBuildPhase section */
		37BDEBAB50A9C02A26E08638 /* [CP] Check Pods Manifest.lock */ = {
			isa = PBXShellScriptBuildPhase;
			buildActionMask = 2147483647;
			files = (
			);
			inputFileListPaths = (
			);
			inputPaths = (
				"${PODS_PODFILE_DIR_PATH}/Podfile.lock",
				"${PODS_ROOT}/Manifest.lock",
			);
			name = "[CP] Check Pods Manifest.lock";
			outputFileListPaths = (
			);
			outputPaths = (
				"$(DERIVED_FILE_DIR)/Pods-TodoMovieMVP-checkManifestLockResult.txt",
			);
			runOnlyForDeploymentPostprocessing = 0;
			shellPath = /bin/sh;
			shellScript = "diff \"${PODS_PODFILE_DIR_PATH}/Podfile.lock\" \"${PODS_ROOT}/Manifest.lock\" > /dev/null\nif [ $? != 0 ] ; then\n    # print error to STDERR\n    echo \"error: The sandbox is not in sync with the Podfile.lock. Run 'pod install' or update your CocoaPods installation.\" >&2\n    exit 1\nfi\n# This output is used by Xcode 'outputs' to avoid re-running this script phase.\necho \"SUCCESS\" > \"${SCRIPT_OUTPUT_FILE_0}\"\n";
			showEnvVarsInLog = 0;
		};
		9A966B5C3C2F98589477A885 /* [CP] Embed Pods Frameworks */ = {
			isa = PBXShellScriptBuildPhase;
			buildActionMask = 2147483647;
			files = (
			);
			inputFileListPaths = (
				"${PODS_ROOT}/Target Support Files/Pods-TodoMovieMVP/Pods-TodoMovieMVP-frameworks-${CONFIGURATION}-input-files.xcfilelist",
			);
			name = "[CP] Embed Pods Frameworks";
			outputFileListPaths = (
				"${PODS_ROOT}/Target Support Files/Pods-TodoMovieMVP/Pods-TodoMovieMVP-frameworks-${CONFIGURATION}-output-files.xcfilelist",
			);
			runOnlyForDeploymentPostprocessing = 0;
			shellPath = /bin/sh;
			shellScript = "\"${PODS_ROOT}/Target Support Files/Pods-TodoMovieMVP/Pods-TodoMovieMVP-frameworks.sh\"\n";
			showEnvVarsInLog = 0;
		};
/* End PBXShellScriptBuildPhase section */

/* Begin PBXSourcesBuildPhase section */
		55285BB02971C6AA007A7069 /* Sources */ = {
			isa = PBXSourcesBuildPhase;
			buildActionMask = 2147483647;
			files = (
				55285BBC2971C6AA007A7069 /* ViewController.swift in Sources */,
				55285BB82971C6AA007A7069 /* AppDelegate.swift in Sources */,
				553568F729785AEF007F739E /* CustomTableViewCell.swift in Sources */,
				55285BBA2971C6AA007A7069 /* SceneDelegate.swift in Sources */,
			);
			runOnlyForDeploymentPostprocessing = 0;
		};
/* End PBXSourcesBuildPhase section */

/* Begin XCBuildConfiguration section */
		55285BC62971C6AC007A7069 /* Debug */ = {
			isa = XCBuildConfiguration;
			buildSettings = {
				ALWAYS_SEARCH_USER_PATHS = NO;
				CLANG_ANALYZER_NONNULL = YES;
				CLANG_ANALYZER_NUMBER_OBJECT_CONVERSION = YES_AGGRESSIVE;
				CLANG_CXX_LANGUAGE_STANDARD = "gnu++20";
				CLANG_ENABLE_MODULES = YES;
				CLANG_ENABLE_OBJC_ARC = YES;
				CLANG_ENABLE_OBJC_WEAK = YES;
				CLANG_WARN_BLOCK_CAPTURE_AUTORELEASING = YES;
				CLANG_WARN_BOOL_CONVERSION = YES;
				CLANG_WARN_COMMA = YES;
				CLANG_WARN_CONSTANT_CONVERSION = YES;
				CLANG_WARN_DEPRECATED_OBJC_IMPLEMENTATIONS = YES;
				CLANG_WARN_DIRECT_OBJC_ISA_USAGE = YES_ERROR;
				CLANG_WARN_DOCUMENTATION_COMMENTS = YES;
				CLANG_WARN_EMPTY_BODY = YES;
				CLANG_WARN_ENUM_CONVERSION = YES;
				CLANG_WARN_INFINITE_RECURSION = YES;
				CLANG_WARN_INT_CONVERSION = YES;
				CLANG_WARN_NON_LITERAL_NULL_CONVERSION = YES;
				CLANG_WARN_OBJC_IMPLICIT_RETAIN_SELF = YES;
				CLANG_WARN_OBJC_LITERAL_CONVERSION = YES;
				CLANG_WARN_OBJC_ROOT_CLASS = YES_ERROR;
				CLANG_WARN_QUOTED_INCLUDE_IN_FRAMEWORK_HEADER = YES;
				CLANG_WARN_RANGE_LOOP_ANALYSIS = YES;
				CLANG_WARN_STRICT_PROTOTYPES = YES;
				CLANG_WARN_SUSPICIOUS_MOVE = YES;
				CLANG_WARN_UNGUARDED_AVAILABILITY = YES_AGGRESSIVE;
				CLANG_WARN_UNREACHABLE_CODE = YES;
				CLANG_WARN__DUPLICATE_METHOD_MATCH = YES;
				COPY_PHASE_STRIP = NO;
				DEBUG_INFORMATION_FORMAT = dwarf;
				ENABLE_STRICT_OBJC_MSGSEND = YES;
				ENABLE_TESTABILITY = YES;
				GCC_C_LANGUAGE_STANDARD = gnu11;
				GCC_DYNAMIC_NO_PIC = NO;
				GCC_NO_COMMON_BLOCKS = YES;
				GCC_OPTIMIZATION_LEVEL = 0;
				GCC_PREPROCESSOR_DEFINITIONS = (
					"DEBUG=1",
					"$(inherited)",
				);
				GCC_WARN_64_TO_32_BIT_CONVERSION = YES;
				GCC_WARN_ABOUT_RETURN_TYPE = YES_ERROR;
				GCC_WARN_UNDECLARED_SELECTOR = YES;
				GCC_WARN_UNINITIALIZED_AUTOS = YES_AGGRESSIVE;
				GCC_WARN_UNUSED_FUNCTION = YES;
				GCC_WARN_UNUSED_VARIABLE = YES;
				IPHONEOS_DEPLOYMENT_TARGET = 16.2;
				MTL_ENABLE_DEBUG_INFO = INCLUDE_SOURCE;
				MTL_FAST_MATH = YES;
				ONLY_ACTIVE_ARCH = YES;
				SDKROOT = iphoneos;
				SWIFT_ACTIVE_COMPILATION_CONDITIONS = DEBUG;
				SWIFT_OPTIMIZATION_LEVEL = "-Onone";
			};
			name = Debug;
		};
		55285BC72971C6AC007A7069 /* Release */ = {
			isa = XCBuildConfiguration;
			buildSettings = {
				ALWAYS_SEARCH_USER_PATHS = NO;
				CLANG_ANALYZER_NONNULL = YES;
				CLANG_ANALYZER_NUMBER_OBJECT_CONVERSION = YES_AGGRESSIVE;
				CLANG_CXX_LANGUAGE_STANDARD = "gnu++20";
				CLANG_ENABLE_MODULES = YES;
				CLANG_ENABLE_OBJC_ARC = YES;
				CLANG_ENABLE_OBJC_WEAK = YES;
				CLANG_WARN_BLOCK_CAPTURE_AUTORELEASING = YES;
				CLANG_WARN_BOOL_CONVERSION = YES;
				CLANG_WARN_COMMA = YES;
				CLANG_WARN_CONSTANT_CONVERSION = YES;
				CLANG_WARN_DEPRECATED_OBJC_IMPLEMENTATIONS = YES;
				CLANG_WARN_DIRECT_OBJC_ISA_USAGE = YES_ERROR;
				CLANG_WARN_DOCUMENTATION_COMMENTS = YES;
				CLANG_WARN_EMPTY_BODY = YES;
				CLANG_WARN_ENUM_CONVERSION = YES;
				CLANG_WARN_INFINITE_RECURSION = YES;
				CLANG_WARN_INT_CONVERSION = YES;
				CLANG_WARN_NON_LITERAL_NULL_CONVERSION = YES;
				CLANG_WARN_OBJC_IMPLICIT_RETAIN_SELF = YES;
				CLANG_WARN_OBJC_LITERAL_CONVERSION = YES;
				CLANG_WARN_OBJC_ROOT_CLASS = YES_ERROR;
				CLANG_WARN_QUOTED_INCLUDE_IN_FRAMEWORK_HEADER = YES;
				CLANG_WARN_RANGE_LOOP_ANALYSIS = YES;
				CLANG_WARN_STRICT_PROTOTYPES = YES;
				CLANG_WARN_SUSPICIOUS_MOVE = YES;
				CLANG_WARN_UNGUARDED_AVAILABILITY = YES_AGGRESSIVE;
				CLANG_WARN_UNREACHABLE_CODE = YES;
				CLANG_WARN__DUPLICATE_METHOD_MATCH = YES;
				COPY_PHASE_STRIP = NO;
				DEBUG_INFORMATION_FORMAT = "dwarf-with-dsym";
				ENABLE_NS_ASSERTIONS = NO;
				ENABLE_STRICT_OBJC_MSGSEND = YES;
				GCC_C_LANGUAGE_STANDARD = gnu11;
				GCC_NO_COMMON_BLOCKS = YES;
				GCC_WARN_64_TO_32_BIT_CONVERSION = YES;
				GCC_WARN_ABOUT_RETURN_TYPE = YES_ERROR;
				GCC_WARN_UNDECLARED_SELECTOR = YES;
				GCC_WARN_UNINITIALIZED_AUTOS = YES_AGGRESSIVE;
				GCC_WARN_UNUSED_FUNCTION = YES;
				GCC_WARN_UNUSED_VARIABLE = YES;
				IPHONEOS_DEPLOYMENT_TARGET = 16.2;
				MTL_ENABLE_DEBUG_INFO = NO;
				MTL_FAST_MATH = YES;
				SDKROOT = iphoneos;
				SWIFT_COMPILATION_MODE = wholemodule;
				SWIFT_OPTIMIZATION_LEVEL = "-O";
				VALIDATE_PRODUCT = YES;
			};
			name = Release;
		};
		55285BC92971C6AC007A7069 /* Debug */ = {
			isa = XCBuildConfiguration;
			baseConfigurationReference = AD9CABAEFD40FFB223292341 /* Pods-TodoMovieMVP.debug.xcconfig */;
			buildSettings = {
				ASSETCATALOG_COMPILER_APPICON_NAME = AppIcon;
				ASSETCATALOG_COMPILER_GLOBAL_ACCENT_COLOR_NAME = AccentColor;
				CODE_SIGN_STYLE = Automatic;
				CURRENT_PROJECT_VERSION = 1;
				DEVELOPMENT_TEAM = SDJ7VCBK6B;
				GENERATE_INFOPLIST_FILE = YES;
				INFOPLIST_FILE = TodoMovieMVP/Info.plist;
				INFOPLIST_KEY_UIApplicationSupportsIndirectInputEvents = YES;
				INFOPLIST_KEY_UILaunchStoryboardName = LaunchScreen;
				INFOPLIST_KEY_UISupportedInterfaceOrientations_iPad = "UIInterfaceOrientationPortrait UIInterfaceOrientationPortraitUpsideDown UIInterfaceOrientationLandscapeLeft UIInterfaceOrientationLandscapeRight";
				INFOPLIST_KEY_UISupportedInterfaceOrientations_iPhone = "UIInterfaceOrientationPortrait UIInterfaceOrientationLandscapeLeft UIInterfaceOrientationLandscapeRight";
				LD_RUNPATH_SEARCH_PATHS = (
					"$(inherited)",
					"@executable_path/Frameworks",
				);
				MARKETING_VERSION = 1.0;
				PRODUCT_BUNDLE_IDENTIFIER = TodoMovieMVP.TodoMovieMVP;
				PRODUCT_NAME = "$(TARGET_NAME)";
				SWIFT_EMIT_LOC_STRINGS = YES;
				SWIFT_VERSION = 5.0;
				TARGETED_DEVICE_FAMILY = "1,2";
			};
			name = Debug;
		};
		55285BCA2971C6AC007A7069 /* Release */ = {
			isa = XCBuildConfiguration;
			baseConfigurationReference = F14E3780DBCACFF1AF97D790 /* Pods-TodoMovieMVP.release.xcconfig */;
			buildSettings = {
				ASSETCATALOG_COMPILER_APPICON_NAME = AppIcon;
				ASSETCATALOG_COMPILER_GLOBAL_ACCENT_COLOR_NAME = AccentColor;
				CODE_SIGN_STYLE = Automatic;
				CURRENT_PROJECT_VERSION = 1;
				DEVELOPMENT_TEAM = SDJ7VCBK6B;
				GENERATE_INFOPLIST_FILE = YES;
				INFOPLIST_FILE = TodoMovieMVP/Info.plist;
				INFOPLIST_KEY_UIApplicationSupportsIndirectInputEvents = YES;
				INFOPLIST_KEY_UILaunchStoryboardName = LaunchScreen;
				INFOPLIST_KEY_UISupportedInterfaceOrientations_iPad = "UIInterfaceOrientationPortrait UIInterfaceOrientationPortraitUpsideDown UIInterfaceOrientationLandscapeLeft UIInterfaceOrientationLandscapeRight";
				INFOPLIST_KEY_UISupportedInterfaceOrientations_iPhone = "UIInterfaceOrientationPortrait UIInterfaceOrientationLandscapeLeft UIInterfaceOrientationLandscapeRight";
				LD_RUNPATH_SEARCH_PATHS = (
					"$(inherited)",
					"@executable_path/Frameworks",
				);
				MARKETING_VERSION = 1.0;
				PRODUCT_BUNDLE_IDENTIFIER = TodoMovieMVP.TodoMovieMVP;
				PRODUCT_NAME = "$(TARGET_NAME)";
				SWIFT_EMIT_LOC_STRINGS = YES;
				SWIFT_VERSION = 5.0;
				TARGETED_DEVICE_FAMILY = "1,2";
			};
			name = Release;
		};
/* End XCBuildConfiguration section */

/* Begin XCConfigurationList section */
		55285BAF2971C6AA007A7069 /* Build configuration list for PBXProject "TodoMovieMVP" */ = {
			isa = XCConfigurationList;
			buildConfigurations = (
				55285BC62971C6AC007A7069 /* Debug */,
				55285BC72971C6AC007A7069 /* Release */,
			);
			defaultConfigurationIsVisible = 0;
			defaultConfigurationName = Release;
		};
		55285BC82971C6AC007A7069 /* Build configuration list for PBXNativeTarget "TodoMovieMVP" */ = {
			isa = XCConfigurationList;
			buildConfigurations = (
				55285BC92971C6AC007A7069 /* Debug */,
				55285BCA2971C6AC007A7069 /* Release */,
			);
			defaultConfigurationIsVisible = 0;
			defaultConfigurationName = Release;
		};
/* End XCConfigurationList section */
	};
	rootObject = 55285BAC2971C6AA007A7069 /* Project object */;
}
